
Microsoft Visual Studio Solution File, Format Version 12.00
# Visual Studio Version 17
VisualStudioVersion = 17.2.32516.85
MinimumVisualStudioVersion = 10.0.40219.1
Project("{9A19103F-16F7-4668-BE54-9A1E7A4F7556}") = "KursovaRabota", "KursovaRabota\KursovaRabota.csproj", "{925E4901-C890-4370-842D-169516D91E6E}"
EndProject
Project("{FAE04EC0-301F-11D3-BF4B-00C04F79EFBC}") = "KursovaLibrary", "KursovaLibrary\KursovaLibrary.csproj", "{4B1CB03E-A0E4-40B2-B149-26C712DE1923}"
EndProject
Global
	GlobalSection(SolutionConfigurationPlatforms) = preSolution
		Debug|Any CPU = Debug|Any CPU
		Release|Any CPU = Release|Any CPU
	EndGlobalSection
	GlobalSection(ProjectConfigurationPlatforms) = postSolution
		{925E4901-C890-4370-842D-169516D91E6E}.Debug|Any CPU.ActiveCfg = Debug|Any CPU
		{925E4901-C890-4370-842D-169516D91E6E}.Debug|Any CPU.Build.0 = Debug|Any CPU
		{925E4901-C890-4370-842D-169516D91E6E}.Release|Any CPU.ActiveCfg = Release|Any CPU
		{925E4901-C890-4370-842D-169516D91E6E}.Release|Any CPU.Build.0 = Release|Any CPU
		{4B1CB03E-A0E4-40B2-B149-26C712DE1923}.Debug|Any CPU.ActiveCfg = Debug|Any CPU
		{4B1CB03E-A0E4-40B2-B149-26C712DE1923}.Debug|Any CPU.Build.0 = Debug|Any CPU
		{4B1CB03E-A0E4-40B2-B149-26C712DE1923}.Release|Any CPU.ActiveCfg = Release|Any CPU
		{4B1CB03E-A0E4-40B2-B149-26C712DE1923}.Release|Any CPU.Build.0 = Release|Any CPU
	EndGlobalSection
	GlobalSection(SolutionProperties) = preSolution
		HideSolutionNode = FALSE
	EndGlobalSection
	GlobalSection(ExtensibilityGlobals) = postSolution
		SolutionGuid = {B97CB926-8D35-424C-9E90-8715AD025B07}
	EndGlobalSection
EndGlobal
